{
  "version": "5",
  "remote": {
    "https://deno.land/std@0.224.0/async/delay.ts": "f90dd685b97c2f142b8069082993e437b1602b8e2561134827eeb7c12b95c499",
    "https://deno.land/std@0.224.0/http/server.ts": "f9313804bf6467a1704f45f76cb6cd0a3396a3b31c316035e6a4c2035d1ea514",
    "https://esm.sh/@supabase/supabase-js@2.45.0": "36ae57c3f2dc3f94fd122a846b40a87114d29bb2f47e910cb46bee5575febf2e",
    "https://esm.sh/ical.js@2.1.0": "4aa269e016579b5ce326a417e3d17a8e0d2eb5c99b7ecd100774620ad559d2c9"
  },
  "workspace": {
    "packageJson": {
      "dependencies": [
        "npm:@supabase/supabase-js@^2.45.0",
        "npm:@types/react-dom@^18.3.0",
        "npm:@types/react@^18.3.3",
        "npm:@vitejs/plugin-react@^4.3.1",
        "npm:dompurify@^3.4.11",
        "npm:lucide-react@0.408",
        "npm:pdf-lib@^1.17.1",
        "npm:react-dom@^18.3.1",
        "npm:react@^18.3.1",
        "npm:supabase@^2.98.0",
        "npm:typescript@^5.5.3",
        "npm:vite@^5.4.0"
      ]
    }
  }
}
